
Microsoft Visual Studio Solution File, Format Version 12.00
# Visual Studio Version 17
VisualStudioVersion = 17.0.31903.59
MinimumVisualStudioVersion = 10.0.40219.1
Project("{2150E333-8FDC-42A3-9474-1A3956D46DE8}") = "src", "src", "{1E5D504A-23CD-48E1-8431-D22A061803E4}"
EndProject
Project("{2150E333-8FDC-42A3-9474-1A3956D46DE8}") = "tests", "tests", "{0205D766-D25B-4035-AE24-A3CE64BF33A5}"
EndProject
Project("{2150E333-8FDC-42A3-9474-1A3956D46DE8}") = "NlpService", "NlpService", "{791779BD-D123-4834-9BEF-5F50E465D327}"
EndProject
Project("{2150E333-8FDC-42A3-9474-1A3956D46DE8}") = "NewsService", "NewsService", "{2126C4CA-1E2C-4A5F-BDA1-CFA19F34969C}"
EndProject
Project("{2150E333-8FDC-42A3-9474-1A3956D46DE8}") = "Common", "Common", "{A01E34C2-7C54-475A-9BDE-02DE5B1958EA}"
EndProject
Project("{2150E333-8FDC-42A3-9474-1A3956D46DE8}") = "AuthenticationService", "AuthenticationService", "{4591E6E5-3FCF-4771-ABA8-4951C0EB7E8A}"
EndProject
Project("{9A19103F-16F7-4668-BE54-9A1E7A4F7556}") = "NewsService.Core", "src\NewsService\NewsService.Core\NewsService.Core.csproj", "{501C2380-7436-4482-9EFA-27E92A8E2F4C}"
EndProject
Project("{9A19103F-16F7-4668-BE54-9A1E7A4F7556}") = "AuthenticationService.Core", "src\AuthenticationService\AuthenticationService.Core\AuthenticationService.Core.csproj", "{7AEAD251-0A96-4E3D-B024-6212EA22CCE4}"
EndProject
Project("{9A19103F-16F7-4668-BE54-9A1E7A4F7556}") = "AuthenticationService.IdentityAuthenticationService", "src\AuthenticationService\AuthenticationService.IdentityAuthenticationService\AuthenticationService.IdentityAuthenticationService.csproj", "{B79176A4-79BB-4E5E-A64C-9DE1A426B167}"
EndProject
Project("{9A19103F-16F7-4668-BE54-9A1E7A4F7556}") = "NewsService.WebApi", "src\NewsService\NewsService.WebApi\NewsService.WebApi.csproj", "{5EE125B6-00BF-497D-B71D-1B0D237C0F5C}"
EndProject
Project("{9A19103F-16F7-4668-BE54-9A1E7A4F7556}") = "NlpService.Core", "src\NlpService\NlpService.Core\NlpService.Core.csproj", "{23AD7AE4-0188-45BD-80FB-C42D77978A1D}"
EndProject
Project("{9A19103F-16F7-4668-BE54-9A1E7A4F7556}") = "NlpService.NerService", "src\NlpService\NlpService.NerService\NlpService.NerService.csproj", "{766187B3-D0AA-41F8-9EE4-444ABB1AFBF1}"
EndProject
Project("{9A19103F-16F7-4668-BE54-9A1E7A4F7556}") = "NlpService.SentimentAnalyzeService", "src\NlpService\NlpService.SentimentAnalyzeService\NlpService.SentimentAnalyzeService.csproj", "{D42AAE96-10E2-4F6E-9DFB-D7730CE7F433}"
EndProject
Project("{9A19103F-16F7-4668-BE54-9A1E7A4F7556}") = "NlpService.WebApi", "src\NlpService\NlpService.WebApi\NlpService.WebApi.csproj", "{85FA53BB-5C60-4523-9ECC-8DFA3D02DB72}"
EndProject
Project("{9A19103F-16F7-4668-BE54-9A1E7A4F7556}") = "NewsService.Core.Tests", "tests\NewsService.Core.Tests\NewsService.Core.Tests.csproj", "{37F8D277-4F0D-4033-8437-BDCDF1B9594D}"
EndProject
Project("{9A19103F-16F7-4668-BE54-9A1E7A4F7556}") = "NlpService.Core.SentimentAnalyzeService.Tests", "tests\NlpService.Core.SentimentAnalyzeService.Tests\NlpService.Core.SentimentAnalyzeService.Tests.csproj", "{FF084B7B-B193-48DE-AB2C-6A4AA43F36BD}"
EndProject
Project("{9A19103F-16F7-4668-BE54-9A1E7A4F7556}") = "NewsAnalyzer.EfCoreRepository", "src\Common\NewsAnalyzer.EfCoreRepository\NewsAnalyzer.EfCoreRepository.csproj", "{0FD62B39-C4C6-45E3-80FF-89A6CD9BE2E8}"
EndProject
Project("{9A19103F-16F7-4668-BE54-9A1E7A4F7556}") = "NewsAnalyzer.Repository", "src\Common\NewsAnalyzer.Repository\NewsAnalyzer.Repository.csproj", "{4703BD6C-FCEE-41CB-865F-5AD5CD985EEF}"
EndProject
Project("{9A19103F-16F7-4668-BE54-9A1E7A4F7556}") = "NewsService.Repository", "src\NewsService\NewsService.Repository\NewsService.Repository.csproj", "{F4071B20-B2E6-4144-98A0-648347C3D43A}"
EndProject
Project("{9A19103F-16F7-4668-BE54-9A1E7A4F7556}") = "NlpService.Data", "src\NlpService\NlpService.Data\NlpService.Data.csproj", "{6413A515-C98F-43F0-94DE-5B8D4196166B}"
EndProject
Project("{2150E333-8FDC-42A3-9474-1A3956D46DE8}") = "ApiGateway", "ApiGateway", "{57C2ED50-FD9C-44BB-8946-2C3B7F26204F}"
EndProject
Project("{9A19103F-16F7-4668-BE54-9A1E7A4F7556}") = "ApiGateway", "src\ApiGateway\ApiGateway\ApiGateway.csproj", "{B48CEBE8-738C-4FB4-A919-02E0B6295039}"
EndProject
Global
	GlobalSection(SolutionConfigurationPlatforms) = preSolution
		Debug|Any CPU = Debug|Any CPU
		Release|Any CPU = Release|Any CPU
	EndGlobalSection
	GlobalSection(ProjectConfigurationPlatforms) = postSolution
		{501C2380-7436-4482-9EFA-27E92A8E2F4C}.Debug|Any CPU.ActiveCfg = Debug|Any CPU
		{501C2380-7436-4482-9EFA-27E92A8E2F4C}.Debug|Any CPU.Build.0 = Debug|Any CPU
		{501C2380-7436-4482-9EFA-27E92A8E2F4C}.Release|Any CPU.ActiveCfg = Release|Any CPU
		{501C2380-7436-4482-9EFA-27E92A8E2F4C}.Release|Any CPU.Build.0 = Release|Any CPU
		{7AEAD251-0A96-4E3D-B024-6212EA22CCE4}.Debug|Any CPU.ActiveCfg = Debug|Any CPU
		{7AEAD251-0A96-4E3D-B024-6212EA22CCE4}.Debug|Any CPU.Build.0 = Debug|Any CPU
		{7AEAD251-0A96-4E3D-B024-6212EA22CCE4}.Release|Any CPU.ActiveCfg = Release|Any CPU
		{7AEAD251-0A96-4E3D-B024-6212EA22CCE4}.Release|Any CPU.Build.0 = Release|Any CPU
		{B79176A4-79BB-4E5E-A64C-9DE1A426B167}.Debug|Any CPU.ActiveCfg = Debug|Any CPU
		{B79176A4-79BB-4E5E-A64C-9DE1A426B167}.Debug|Any CPU.Build.0 = Debug|Any CPU
		{B79176A4-79BB-4E5E-A64C-9DE1A426B167}.Release|Any CPU.ActiveCfg = Release|Any CPU
		{B79176A4-79BB-4E5E-A64C-9DE1A426B167}.Release|Any CPU.Build.0 = Release|Any CPU
		{5EE125B6-00BF-497D-B71D-1B0D237C0F5C}.Debug|Any CPU.ActiveCfg = Debug|Any CPU
		{5EE125B6-00BF-497D-B71D-1B0D237C0F5C}.Debug|Any CPU.Build.0 = Debug|Any CPU
		{5EE125B6-00BF-497D-B71D-1B0D237C0F5C}.Release|Any CPU.ActiveCfg = Release|Any CPU
		{5EE125B6-00BF-497D-B71D-1B0D237C0F5C}.Release|Any CPU.Build.0 = Release|Any CPU
		{23AD7AE4-0188-45BD-80FB-C42D77978A1D}.Debug|Any CPU.ActiveCfg = Debug|Any CPU
		{23AD7AE4-0188-45BD-80FB-C42D77978A1D}.Debug|Any CPU.Build.0 = Debug|Any CPU
		{23AD7AE4-0188-45BD-80FB-C42D77978A1D}.Release|Any CPU.ActiveCfg = Release|Any CPU
		{23AD7AE4-0188-45BD-80FB-C42D77978A1D}.Release|Any CPU.Build.0 = Release|Any CPU
		{766187B3-D0AA-41F8-9EE4-444ABB1AFBF1}.Debug|Any CPU.ActiveCfg = Debug|Any CPU
		{766187B3-D0AA-41F8-9EE4-444ABB1AFBF1}.Debug|Any CPU.Build.0 = Debug|Any CPU
		{766187B3-D0AA-41F8-9EE4-444ABB1AFBF1}.Release|Any CPU.ActiveCfg = Release|Any CPU
		{766187B3-D0AA-41F8-9EE4-444ABB1AFBF1}.Release|Any CPU.Build.0 = Release|Any CPU
		{D42AAE96-10E2-4F6E-9DFB-D7730CE7F433}.Debug|Any CPU.ActiveCfg = Debug|Any CPU
		{D42AAE96-10E2-4F6E-9DFB-D7730CE7F433}.Debug|Any CPU.Build.0 = Debug|Any CPU
		{D42AAE96-10E2-4F6E-9DFB-D7730CE7F433}.Release|Any CPU.ActiveCfg = Release|Any CPU
		{D42AAE96-10E2-4F6E-9DFB-D7730CE7F433}.Release|Any CPU.Build.0 = Release|Any CPU
		{85FA53BB-5C60-4523-9ECC-8DFA3D02DB72}.Debug|Any CPU.ActiveCfg = Debug|Any CPU
		{85FA53BB-5C60-4523-9ECC-8DFA3D02DB72}.Debug|Any CPU.Build.0 = Debug|Any CPU
		{85FA53BB-5C60-4523-9ECC-8DFA3D02DB72}.Release|Any CPU.ActiveCfg = Release|Any CPU
		{85FA53BB-5C60-4523-9ECC-8DFA3D02DB72}.Release|Any CPU.Build.0 = Release|Any CPU
		{37F8D277-4F0D-4033-8437-BDCDF1B9594D}.Debug|Any CPU.ActiveCfg = Debug|Any CPU
		{37F8D277-4F0D-4033-8437-BDCDF1B9594D}.Debug|Any CPU.Build.0 = Debug|Any CPU
		{37F8D277-4F0D-4033-8437-BDCDF1B9594D}.Release|Any CPU.ActiveCfg = Release|Any CPU
		{37F8D277-4F0D-4033-8437-BDCDF1B9594D}.Release|Any CPU.Build.0 = Release|Any CPU
		{FF084B7B-B193-48DE-AB2C-6A4AA43F36BD}.Debug|Any CPU.ActiveCfg = Debug|Any CPU
		{FF084B7B-B193-48DE-AB2C-6A4AA43F36BD}.Debug|Any CPU.Build.0 = Debug|Any CPU
		{FF084B7B-B193-48DE-AB2C-6A4AA43F36BD}.Release|Any CPU.ActiveCfg = Release|Any CPU
		{FF084B7B-B193-48DE-AB2C-6A4AA43F36BD}.Release|Any CPU.Build.0 = Release|Any CPU
		{0FD62B39-C4C6-45E3-80FF-89A6CD9BE2E8}.Debug|Any CPU.ActiveCfg = Debug|Any CPU
		{0FD62B39-C4C6-45E3-80FF-89A6CD9BE2E8}.Debug|Any CPU.Build.0 = Debug|Any CPU
		{0FD62B39-C4C6-45E3-80FF-89A6CD9BE2E8}.Release|Any CPU.ActiveCfg = Release|Any CPU
		{0FD62B39-C4C6-45E3-80FF-89A6CD9BE2E8}.Release|Any CPU.Build.0 = Release|Any CPU
		{4703BD6C-FCEE-41CB-865F-5AD5CD985EEF}.Debug|Any CPU.ActiveCfg = Debug|Any CPU
		{4703BD6C-FCEE-41CB-865F-5AD5CD985EEF}.Debug|Any CPU.Build.0 = Debug|Any CPU
		{4703BD6C-FCEE-41CB-865F-5AD5CD985EEF}.Release|Any CPU.ActiveCfg = Release|Any CPU
		{4703BD6C-FCEE-41CB-865F-5AD5CD985EEF}.Release|Any CPU.Build.0 = Release|Any CPU
		{F4071B20-B2E6-4144-98A0-648347C3D43A}.Debug|Any CPU.ActiveCfg = Debug|Any CPU
		{F4071B20-B2E6-4144-98A0-648347C3D43A}.Debug|Any CPU.Build.0 = Debug|Any CPU
		{F4071B20-B2E6-4144-98A0-648347C3D43A}.Release|Any CPU.ActiveCfg = Release|Any CPU
		{F4071B20-B2E6-4144-98A0-648347C3D43A}.Release|Any CPU.Build.0 = Release|Any CPU
		{6413A515-C98F-43F0-94DE-5B8D4196166B}.Debug|Any CPU.ActiveCfg = Debug|Any CPU
		{6413A515-C98F-43F0-94DE-5B8D4196166B}.Debug|Any CPU.Build.0 = Debug|Any CPU
		{6413A515-C98F-43F0-94DE-5B8D4196166B}.Release|Any CPU.ActiveCfg = Release|Any CPU
		{6413A515-C98F-43F0-94DE-5B8D4196166B}.Release|Any CPU.Build.0 = Release|Any CPU
		{B48CEBE8-738C-4FB4-A919-02E0B6295039}.Debug|Any CPU.ActiveCfg = Debug|Any CPU
		{B48CEBE8-738C-4FB4-A919-02E0B6295039}.Debug|Any CPU.Build.0 = Debug|Any CPU
		{B48CEBE8-738C-4FB4-A919-02E0B6295039}.Release|Any CPU.ActiveCfg = Release|Any CPU
		{B48CEBE8-738C-4FB4-A919-02E0B6295039}.Release|Any CPU.Build.0 = Release|Any CPU
	EndGlobalSection
	GlobalSection(SolutionProperties) = preSolution
		HideSolutionNode = FALSE
	EndGlobalSection
	GlobalSection(NestedProjects) = preSolution
		{791779BD-D123-4834-9BEF-5F50E465D327} = {1E5D504A-23CD-48E1-8431-D22A061803E4}
		{2126C4CA-1E2C-4A5F-BDA1-CFA19F34969C} = {1E5D504A-23CD-48E1-8431-D22A061803E4}
		{A01E34C2-7C54-475A-9BDE-02DE5B1958EA} = {1E5D504A-23CD-48E1-8431-D22A061803E4}
		{4591E6E5-3FCF-4771-ABA8-4951C0EB7E8A} = {1E5D504A-23CD-48E1-8431-D22A061803E4}
		{501C2380-7436-4482-9EFA-27E92A8E2F4C} = {2126C4CA-1E2C-4A5F-BDA1-CFA19F34969C}
		{7AEAD251-0A96-4E3D-B024-6212EA22CCE4} = {4591E6E5-3FCF-4771-ABA8-4951C0EB7E8A}
		{B79176A4-79BB-4E5E-A64C-9DE1A426B167} = {4591E6E5-3FCF-4771-ABA8-4951C0EB7E8A}
		{5EE125B6-00BF-497D-B71D-1B0D237C0F5C} = {2126C4CA-1E2C-4A5F-BDA1-CFA19F34969C}
		{23AD7AE4-0188-45BD-80FB-C42D77978A1D} = {791779BD-D123-4834-9BEF-5F50E465D327}
		{766187B3-D0AA-41F8-9EE4-444ABB1AFBF1} = {791779BD-D123-4834-9BEF-5F50E465D327}
		{D42AAE96-10E2-4F6E-9DFB-D7730CE7F433} = {791779BD-D123-4834-9BEF-5F50E465D327}
		{85FA53BB-5C60-4523-9ECC-8DFA3D02DB72} = {791779BD-D123-4834-9BEF-5F50E465D327}
		{37F8D277-4F0D-4033-8437-BDCDF1B9594D} = {0205D766-D25B-4035-AE24-A3CE64BF33A5}
		{FF084B7B-B193-48DE-AB2C-6A4AA43F36BD} = {0205D766-D25B-4035-AE24-A3CE64BF33A5}
		{0FD62B39-C4C6-45E3-80FF-89A6CD9BE2E8} = {A01E34C2-7C54-475A-9BDE-02DE5B1958EA}
		{4703BD6C-FCEE-41CB-865F-5AD5CD985EEF} = {A01E34C2-7C54-475A-9BDE-02DE5B1958EA}
		{F4071B20-B2E6-4144-98A0-648347C3D43A} = {2126C4CA-1E2C-4A5F-BDA1-CFA19F34969C}
		{6413A515-C98F-43F0-94DE-5B8D4196166B} = {791779BD-D123-4834-9BEF-5F50E465D327}
		{57C2ED50-FD9C-44BB-8946-2C3B7F26204F} = {1E5D504A-23CD-48E1-8431-D22A061803E4}
		{B48CEBE8-738C-4FB4-A919-02E0B6295039} = {57C2ED50-FD9C-44BB-8946-2C3B7F26204F}
	EndGlobalSection
	GlobalSection(ExtensibilityGlobals) = postSolution
		SolutionGuid = {348AC9CD-3E7B-4DE8-883B-B647FB438475}
	EndGlobalSection
EndGlobal
